// !$*UTF8*$!
{
	archiveVersion = 1;
	classes = {
	};
	objectVersion = 56;
	objects = {

/* Begin PBXBuildFile section */
		A6A21C802A715D1F0038A2B8 /* FaceMeshApp.swift in Sources */ = {isa = PBXBuildFile; fileRef = A6A21C7F2A715D1F0038A2B8 /* FaceMeshApp.swift */; };
		A6A21C822A715D1F0038A2B8 /* ContentView.swift in Sources */ = {isa = PBXBuildFile; fileRef = A6A21C812A715D1F0038A2B8 /* ContentView.swift */; };
		A6A21C842A715D200038A2B8 /* Assets.xcassets in Resources */ = {isa = PBXBuildFile; fileRef = A6A21C832A715D200038A2B8 /* Assets.xcassets */; };
		A6A21C872A715D200038A2B8 /* Preview Assets.xcassets in Resources */ = {isa = PBXBuildFile; fileRef = A6A21C862A715D200038A2B8 /* Preview Assets.xcassets */; };
		A6A21C912A715D200038A2B8 /* FaceMeshTests.swift in Sources */ = {isa = PBXBuildFile; fileRef = A6A21C902A715D200038A2B8 /* FaceMeshTests.swift */; };
		A6A21C9B2A715D200038A2B8 /* FaceMeshUITests.swift in Sources */ = {isa = PBXBuildFile; fileRef = A6A21C9A2A715D200038A2B8 /* FaceMeshUITests.swift */; };
		A6A21C9D2A715D200038A2B8 /* FaceMeshUITestsLaunchTests.swift in Sources */ = {isa = PBXBuildFile; fileRef = A6A21C9C2A715D200038A2B8 /* FaceMeshUITestsLaunchTests.swift */; };
/* End PBXBuildFile section */

/* Begin PBXContainerItemProxy section */
		A6A21C8D2A715D200038A2B8 /* PBXContainerItemProxy */ = {
			isa = PBXContainerItemProxy;
			containerPortal = A6A21C742A715D1F0038A2B8 /* Project object */;
			proxyType = 1;
			remoteGlobalIDString = A6A21C7B2A715D1F0038A2B8;
			remoteInfo = FaceMesh;
		};
		A6A21C972A715D200038A2B8 /* PBXContainerItemProxy */ = {
			isa = PBXContainerItemProxy;
			containerPortal = A6A21C742A715D1F0038A2B8 /* Project object */;
			proxyType = 1;
			remoteGlobalIDString = A6A21C7B2A715D1F0038A2B8;
			remoteInfo = FaceMesh;
		};
/* End PBXContainerItemProxy section */

/* Begin PBXFileReference section */
		A6A21C7C2A715D1F0038A2B8 /* FaceMesh.app */ = {isa = PBXFileReference; explicitFileType = wrapper.application; includeInIndex = 0; path = FaceMesh.app; sourceTree = BUILT_PRODUCTS_DIR; };
		A6A21C7F2A715D1F0038A2B8 /* FaceMeshApp.swift */ = {isa = PBXFileReference; lastKnownFileType = sourcecode.swift; path = FaceMeshApp.swift; sourceTree = "<group>"; };
		A6A21C812A715D1F0038A2B8 /* ContentView.swift */ = {isa = PBXFileReference; lastKnownFileType = sourcecode.swift; path = ContentView.swift; sourceTree = "<group>"; };
		A6A21C832A715D200038A2B8 /* Assets.xcassets */ = {isa = PBXFileReference; lastKnownFileType = folder.assetcatalog; path = Assets.xcassets; sourceTree = "<group>"; };
		A6A21C862A715D200038A2B8 /* Preview Assets.xcassets */ = {isa = PBXFileReference; lastKnownFileType = folder.assetcatalog; path = "Preview Assets.xcassets"; sourceTree = "<group>"; };
		A6A21C8C2A715D200038A2B8 /* FaceMeshTests.xctest */ = {isa = PBXFileReference; explicitFileType = wrapper.cfbundle; includeInIndex = 0; path = FaceMeshTests.xctest; sourceTree = BUILT_PRODUCTS_DIR; };
		A6A21C902A715D200038A2B8 /* FaceMeshTests.swift */ = {isa = PBXFileReference; lastKnownFileType = sourcecode.swift; path = FaceMeshTests.swift; sourceTree = "<group>"; };
		A6A21C962A715D200038A2B8 /* FaceMeshUITests.xctest */ = {isa = PBXFileReference; explicitFileType = wrapper.cfbundle; includeInIndex = 0; path = FaceMeshUITests.xctest; sourceTree = BUILT_PRODUCTS_DIR; };
		A6A21C9A2A715D200038A2B8 /* FaceMeshUITests.swift */ = {isa = PBXFileReference; lastKnownFileType = sourcecode.swift; path = FaceMeshUITests.swift; sourceTree = "<group>"; };
		A6A21C9C2A715D200038A2B8 /* FaceMeshUITestsLaunchTests.swift */ = {isa = PBXFileReference; lastKnownFileType = sourcecode.swift; path = FaceMeshUITestsLaunchTests.swift; sourceTree = "<group>"; };
/* End PBXFileReference section */

/* Begin PBXFrameworksBuildPhase section */
		A6A21C792A715D1F0038A2B8 /* Frameworks */ = {
			isa = PBXFrameworksBuildPhase;
			buildActionMask = 2147483647;
			files = (
			);
			runOnlyForDeploymentPostprocessing = 0;
		};
		A6A21C892A715D200038A2B8 /* Frameworks */ = {
			isa = PBXFrameworksBuildPhase;
			buildActionMask = 2147483647;
			files = (
			);
			runOnlyForDeploymentPostprocessing = 0;
		};
		A6A21C932A715D200038A2B8 /* Frameworks */ = {
			isa = PBXFrameworksBuildPhase;
			buildActionMask = 2147483647;
			files = (
			);
			runOnlyForDeploymentPostprocessing = 0;
		};
/* End PBXFrameworksBuildPhase section */

/* Begin PBXGroup section */
		A6A21C732A715D1F0038A2B8 = {
			isa = PBXGroup;
			children = (
				A6A21C7E2A715D1F0038A2B8 /* FaceMesh */,
				A6A21C8F2A715D200038A2B8 /* FaceMeshTests */,
				A6A21C992A715D200038A2B8 /* FaceMeshUITests */,
				A6A21C7D2A715D1F0038A2B8 /* Products */,
			);
			sourceTree = "<group>";
		};
		A6A21C7D2A715D1F0038A2B8 /* Products */ = {
			isa = PBXGroup;
			children = (
				A6A21C7C2A715D1F0038A2B8 /* FaceMesh.app */,
				A6A21C8C2A715D200038A2B8 /* FaceMeshTests.xctest */,
				A6A21C962A715D200038A2B8 /* FaceMeshUITests.xctest */,
			);
			name = Products;
			sourceTree = "<group>";
		};
		A6A21C7E2A715D1F0038A2B8 /* FaceMesh */ = {
			isa = PBXGroup;
			children = (
				A6A21C7F2A715D1F0038A2B8 /* FaceMeshApp.swift */,
				A6A21C812A715D1F0038A2B8 /* ContentView.swift */,
				A6A21C832A715D200038A2B8 /* Assets.xcassets */,
				A6A21C852A715D200038A2B8 /* Preview Content */,
			);
			path = FaceMesh;
			sourceTree = "<group>";
		};
		A6A21C852A715D200038A2B8 /* Preview Content */ = {
			isa = PBXGroup;
			children = (
				A6A21C862A715D200038A2B8 /* Preview Assets.xcassets */,
			);
			path = "Preview Content";
			sourceTree = "<group>";
		};
		A6A21C8F2A715D200038A2B8 /* FaceMeshTests */ = {
			isa = PBXGroup;
			children = (
				A6A21C902A715D200038A2B8 /* FaceMeshTests.swift */,
			);
			path = FaceMeshTests;
			sourceTree = "<group>";
		};
		A6A21C992A715D200038A2B8 /* FaceMeshUITests */ = {
			isa = PBXGroup;
			children = (
				A6A21C9A2A715D200038A2B8 /* FaceMeshUITests.swift */,
				A6A21C9C2A715D200038A2B8 /* FaceMeshUITestsLaunchTests.swift */,
			);
			path = FaceMeshUITests;
			sourceTree = "<group>";
		};
/* End PBXGroup section */

/* Begin PBXNativeTarget section */
		A6A21C7B2A715D1F0038A2B8 /* FaceMesh */ = {
			isa = PBXNativeTarget;
			buildConfigurationList = A6A21CA02A715D200038A2B8 /* Build configuration list for PBXNativeTarget "FaceMesh" */;
			buildPhases = (
				A6A21C782A715D1F0038A2B8 /* Sources */,
				A6A21C792A715D1F0038A2B8 /* Frameworks */,
				A6A21C7A2A715D1F0038A2B8 /* Resources */,
			);
			buildRules = (
			);
			dependencies = (
			);
			name = FaceMesh;
			productName = FaceMesh;
			productReference = A6A21C7C2A715D1F0038A2B8 /* FaceMesh.app */;
			productType = "com.apple.product-type.application";
		};
		A6A21C8B2A715D200038A2B8 /* FaceMeshTests */ = {
			isa = PBXNativeTarget;
			buildConfigurationList = A6A21CA32A715D200038A2B8 /* Build configuration list for PBXNativeTarget "FaceMeshTests" */;
			buildPhases = (
				A6A21C882A715D200038A2B8 /* Sources */,
				A6A21C892A715D200038A2B8 /* Frameworks */,
				A6A21C8A2A715D200038A2B8 /* Resources */,
			);
			buildRules = (
			);
			dependencies = (
				A6A21C8E2A715D200038A2B8 /* PBXTargetDependency */,
			);
			name = FaceMeshTests;
			productName = FaceMeshTests;
			productReference = A6A21C8C2A715D200038A2B8 /* FaceMeshTests.xctest */;
			productType = "com.apple.product-type.bundle.unit-test";
		};
		A6A21C952A715D200038A2B8 /* FaceMeshUITests */ = {
			isa = PBXNativeTarget;
			buildConfigurationList = A6A21CA62A715D200038A2B8 /* Build configuration list for PBXNativeTarget "FaceMeshUITests" */;
			buildPhases = (
				A6A21C922A715D200038A2B8 /* Sources */,
				A6A21C932A715D200038A2B8 /* Frameworks */,
				A6A21C942A715D200038A2B8 /* Resources */,
			);
			buildRules = (
			);
			dependencies = (
				A6A21C982A715D200038A2B8 /* PBXTargetDependency */,
			);
			name = FaceMeshUITests;
			productName = FaceMeshUITests;
			productReference = A6A21C962A715D200038A2B8 /* FaceMeshUITests.xctest */;
			productType = "com.apple.product-type.bundle.ui-testing";
		};
/* End PBXNativeTarget section */

/* Begin PBXProject section */
		A6A21C742A715D1F0038A2B8 /* Project object */ = {
			isa = PBXProject;
			attributes = {
				BuildIndependentTargetsInParallel = 1;
				LastSwiftUpdateCheck = 1430;
				LastUpgradeCheck = 1430;
				TargetAttributes = {
					A6A21C7B2A715D1F0038A2B8 = {
						CreatedOnToolsVersion = 14.3.1;
					};
					A6A21C8B2A715D200038A2B8 = {
						CreatedOnToolsVersion = 14.3.1;
						TestTargetID = A6A21C7B2A715D1F0038A2B8;
					};
					A6A21C952A715D200038A2B8 = {
						CreatedOnToolsVersion = 14.3.1;
						TestTargetID = A6A21C7B2A715D1F0038A2B8;
					};
				};
			};
			buildConfigurationList = A6A21C772A715D1F0038A2B8 /* Build configuration list for PBXProject "FaceMesh" */;
			compatibilityVersion = "Xcode 14.0";
			developmentRegion = en;
			hasScannedForEncodings = 0;
			knownRegions = (
				en,
				Base,
			);
			mainGroup = A6A21C732A715D1F0038A2B8;
			productRefGroup = A6A21C7D2A715D1F0038A2B8 /* Products */;
			projectDirPath = "";
			projectRoot = "";
			targets = (
				A6A21C7B2A715D1F0038A2B8 /* FaceMesh */,
				A6A21C8B2A715D200038A2B8 /* FaceMeshTests */,
				A6A21C952A715D200038A2B8 /* FaceMeshUITests */,
			);
		};
/* End PBXProject section */

/* Begin PBXResourcesBuildPhase section */
		A6A21C7A2A715D1F0038A2B8 /* Resources */ = {
			isa = PBXResourcesBuildPhase;
			buildActionMask = 2147483647;
			files = (
				A6A21C872A715D200038A2B8 /* Preview Assets.xcassets in Resources */,
				A6A21C842A715D200038A2B8 /* Assets.xcassets in Resources */,
			);
			runOnlyForDeploymentPostprocessing = 0;
		};
		A6A21C8A2A715D200038A2B8 /* Resources */ = {
			isa = PBXResourcesBuildPhase;
			buildActionMask = 2147483647;
			files = (
			);
			runOnlyForDeploymentPostprocessing = 0;
		};
		A6A21C942A715D200038A2B8 /* Resources */ = {
			isa = PBXResourcesBuildPhase;
			buildActionMask = 2147483647;
			files = (
			);
			runOnlyForDeploymentPostprocessing = 0;
		};
/* End PBXResourcesBuildPhase section */

/* Begin PBXSourcesBuildPhase section */
		A6A21C782A715D1F0038A2B8 /* Sources */ = {
			isa = PBXSourcesBuildPhase;
			buildActionMask = 2147483647;
			files = (
				A6A21C822A715D1F0038A2B8 /* ContentView.swift in Sources */,
				A6A21C802A715D1F0038A2B8 /* FaceMeshApp.swift in Sources */,
			);
			runOnlyForDeploymentPostprocessing = 0;
		};
		A6A21C882A715D200038A2B8 /* Sources */ = {
			isa = PBXSourcesBuildPhase;
			buildActionMask = 2147483647;
			files = (
				A6A21C912A715D200038A2B8 /* FaceMeshTests.swift in Sources */,
			);
			runOnlyForDeploymentPostprocessing = 0;
		};
		A6A21C922A715D200038A2B8 /* Sources */ = {
			isa = PBXSourcesBuildPhase;
			buildActionMask = 2147483647;
			files = (
				A6A21C9D2A715D200038A2B8 /* FaceMeshUITestsLaunchTests.swift in Sources */,
				A6A21C9B2A715D200038A2B8 /* FaceMeshUITests.swift in Sources */,
			);
			runOnlyForDeploymentPostprocessing = 0;
		};
/* End PBXSourcesBuildPhase section */

/* Begin PBXTargetDependency section */
		A6A21C8E2A715D200038A2B8 /* PBXTargetDependency */ = {
			isa = PBXTargetDependency;
			target = A6A21C7B2A715D1F0038A2B8 /* FaceMesh */;
			targetProxy = A6A21C8D2A715D200038A2B8 /* PBXContainerItemProxy */;
		};
		A6A21C982A715D200038A2B8 /* PBXTargetDependency */ = {
			isa = PBXTargetDependency;
			target = A6A21C7B2A715D1F0038A2B8 /* FaceMesh */;
			targetProxy = A6A21C972A715D200038A2B8 /* PBXContainerItemProxy */;
		};
/* End PBXTargetDependency section */

/* Begin XCBuildConfiguration section */
		A6A21C9E2A715D200038A2B8 /* Debug */ = {
			isa = XCBuildConfiguration;
			buildSettings = {
				ALWAYS_SEARCH_USER_PATHS = NO;
				CLANG_ANALYZER_NONNULL = YES;
				CLANG_ANALYZER_NUMBER_OBJECT_CONVERSION = YES_AGGRESSIVE;
				CLANG_CXX_LANGUAGE_STANDARD = "gnu++20";
				CLANG_ENABLE_MODULES = YES;
				CLANG_ENABLE_OBJC_ARC = YES;
				CLANG_ENABLE_OBJC_WEAK = YES;
				CLANG_WARN_BLOCK_CAPTURE_AUTORELEASING = YES;
				CLANG_WARN_BOOL_CONVERSION = YES;
				CLANG_WARN_COMMA = YES;
				CLANG_WARN_CONSTANT_CONVERSION = YES;
				CLANG_WARN_DEPRECATED_OBJC_IMPLEMENTATIONS = YES;
				CLANG_WARN_DIRECT_OBJC_ISA_USAGE = YES_ERROR;
				CLANG_WARN_DOCUMENTATION_COMMENTS = YES;
				CLANG_WARN_EMPTY_BODY = YES;
				CLANG_WARN_ENUM_CONVERSION = YES;
				CLANG_WARN_INFINITE_RECURSION = YES;
				CLANG_WARN_INT_CONVERSION = YES;
				CLANG_WARN_NON_LITERAL_NULL_CONVERSION = YES;
				CLANG_WARN_OBJC_IMPLICIT_RETAIN_SELF = YES;
				CLANG_WARN_OBJC_LITERAL_CONVERSION = YES;
				CLANG_WARN_OBJC_ROOT_CLASS = YES_ERROR;
				CLANG_WARN_QUOTED_INCLUDE_IN_FRAMEWORK_HEADER = YES;
				CLANG_WARN_RANGE_LOOP_ANALYSIS = YES;
				CLANG_WARN_STRICT_PROTOTYPES = YES;
				CLANG_WARN_SUSPICIOUS_MOVE = YES;
				CLANG_WARN_UNGUARDED_AVAILABILITY = YES_AGGRESSIVE;
				CLANG_WARN_UNREACHABLE_CODE = YES;
				CLANG_WARN__DUPLICATE_METHOD_MATCH = YES;
				COPY_PHASE_STRIP = NO;
				DEBUG_INFORMATION_FORMAT = dwarf;
				ENABLE_STRICT_OBJC_MSGSEND = YES;
				ENABLE_TESTABILITY = YES;
				GCC_C_LANGUAGE_STANDARD = gnu11;
				GCC_DYNAMIC_NO_PIC = NO;
				GCC_NO_COMMON_BLOCKS = YES;
				GCC_OPTIMIZATION_LEVEL = 0;
				GCC_PREPROCESSOR_DEFINITIONS = (
					"DEBUG=1",
					"$(inherited)",
				);
				GCC_WARN_64_TO_32_BIT_CONVERSION = YES;
				GCC_WARN_ABOUT_RETURN_TYPE = YES_ERROR;
				GCC_WARN_UNDECLARED_SELECTOR = YES;
				GCC_WARN_UNINITIALIZED_AUTOS = YES_AGGRESSIVE;
				GCC_WARN_UNUSED_FUNCTION = YES;
				GCC_WARN_UNUSED_VARIABLE = YES;
				IPHONEOS_DEPLOYMENT_TARGET = 16.4;
				MTL_ENABLE_DEBUG_INFO = INCLUDE_SOURCE;
				MTL_FAST_MATH = YES;
				ONLY_ACTIVE_ARCH = YES;
				SDKROOT = iphoneos;
				SWIFT_ACTIVE_COMPILATION_CONDITIONS = DEBUG;
				SWIFT_OPTIMIZATION_LEVEL = "-Onone";
			};
			name = Debug;
		};
		A6A21C9F2A715D200038A2B8 /* Release */ = {
			isa = XCBuildConfiguration;
			buildSettings = {
				ALWAYS_SEARCH_USER_PATHS = NO;
				CLANG_ANALYZER_NONNULL = YES;
				CLANG_ANALYZER_NUMBER_OBJECT_CONVERSION = YES_AGGRESSIVE;
				CLANG_CXX_LANGUAGE_STANDARD = "gnu++20";
				CLANG_ENABLE_MODULES = YES;
				CLANG_ENABLE_OBJC_ARC = YES;
				CLANG_ENABLE_OBJC_WEAK = YES;
				CLANG_WARN_BLOCK_CAPTURE_AUTORELEASING = YES;
				CLANG_WARN_BOOL_CONVERSION = YES;
				CLANG_WARN_COMMA = YES;
				CLANG_WARN_CONSTANT_CONVERSION = YES;
				CLANG_WARN_DEPRECATED_OBJC_IMPLEMENTATIONS = YES;
				CLANG_WARN_DIRECT_OBJC_ISA_USAGE = YES_ERROR;
				CLANG_WARN_DOCUMENTATION_COMMENTS = YES;
				CLANG_WARN_EMPTY_BODY = YES;
				CLANG_WARN_ENUM_CONVERSION = YES;
				CLANG_WARN_INFINITE_RECURSION = YES;
				CLANG_WARN_INT_CONVERSION = YES;
				CLANG_WARN_NON_LITERAL_NULL_CONVERSION = YES;
				CLANG_WARN_OBJC_IMPLICIT_RETAIN_SELF = YES;
				CLANG_WARN_OBJC_LITERAL_CONVERSION = YES;
				CLANG_WARN_OBJC_ROOT_CLASS = YES_ERROR;
				CLANG_WARN_QUOTED_INCLUDE_IN_FRAMEWORK_HEADER = YES;
				CLANG_WARN_RANGE_LOOP_ANALYSIS = YES;
				CLANG_WARN_STRICT_PROTOTYPES = YES;
				CLANG_WARN_SUSPICIOUS_MOVE = YES;
				CLANG_WARN_UNGUARDED_AVAILABILITY = YES_AGGRESSIVE;
				CLANG_WARN_UNREACHABLE_CODE = YES;
				CLANG_WARN__DUPLICATE_METHOD_MATCH = YES;
				COPY_PHASE_STRIP = NO;
				DEBUG_INFORMATION_FORMAT = "dwarf-with-dsym";
				ENABLE_NS_ASSERTIONS = NO;
				ENABLE_STRICT_OBJC_MSGSEND = YES;
				GCC_C_LANGUAGE_STANDARD = gnu11;
				GCC_NO_COMMON_BLOCKS = YES;
				GCC_WARN_64_TO_32_BIT_CONVERSION = YES;
				GCC_WARN_ABOUT_RETURN_TYPE = YES_ERROR;
				GCC_WARN_UNDECLARED_SELECTOR = YES;
				GCC_WARN_UNINITIALIZED_AUTOS = YES_AGGRESSIVE;
				GCC_WARN_UNUSED_FUNCTION = YES;
				GCC_WARN_UNUSED_VARIABLE = YES;
				IPHONEOS_DEPLOYMENT_TARGET = 16.4;
				MTL_ENABLE_DEBUG_INFO = NO;
				MTL_FAST_MATH = YES;
				SDKROOT = iphoneos;
				SWIFT_COMPILATION_MODE = wholemodule;
				SWIFT_OPTIMIZATION_LEVEL = "-O";
				VALIDATE_PRODUCT = YES;
			};
			name = Release;
		};
		A6A21CA12A715D200038A2B8 /* Debug */ = {
			isa = XCBuildConfiguration;
			buildSettings = {
				ASSETCATALOG_COMPILER_APPICON_NAME = AppIcon;
				ASSETCATALOG_COMPILER_GLOBAL_ACCENT_COLOR_NAME = AccentColor;
				CODE_SIGN_STYLE = Automatic;
				CURRENT_PROJECT_VERSION = 1;
				DEVELOPMENT_ASSET_PATHS = "\"FaceMesh/Preview Content\"";
				DEVELOPMENT_TEAM = L45GPKVRUG;
				ENABLE_PREVIEWS = YES;
				GENERATE_INFOPLIST_FILE = YES;
				INFOPLIST_KEY_UIApplicationSceneManifest_Generation = YES;
				INFOPLIST_KEY_UIApplicationSupportsIndirectInputEvents = YES;
				INFOPLIST_KEY_UILaunchScreen_Generation = YES;
				INFOPLIST_KEY_UISupportedInterfaceOrientations_iPad = "UIInterfaceOrientationPortrait UIInterfaceOrientationPortraitUpsideDown UIInterfaceOrientationLandscapeLeft UIInterfaceOrientationLandscapeRight";
				INFOPLIST_KEY_UISupportedInterfaceOrientations_iPhone = "UIInterfaceOrientationPortrait UIInterfaceOrientationLandscapeLeft UIInterfaceOrientationLandscapeRight";
				LD_RUNPATH_SEARCH_PATHS = (
					"$(inherited)",
					"@executable_path/Frameworks",
				);
				MARKETING_VERSION = 1.0;
				PRODUCT_BUNDLE_IDENTIFIER = br.ufpe.academy.FaceMesh;
				PRODUCT_NAME = "$(TARGET_NAME)";
				SWIFT_EMIT_LOC_STRINGS = YES;
				SWIFT_VERSION = 5.0;
				TARGETED_DEVICE_FAMILY = "1,2";
			};
			name = Debug;
		};
		A6A21CA22A715D200038A2B8 /* Release */ = {
			isa = XCBuildConfiguration;
			buildSettings = {
				ASSETCATALOG_COMPILER_APPICON_NAME = AppIcon;
				ASSETCATALOG_COMPILER_GLOBAL_ACCENT_COLOR_NAME = AccentColor;
				CODE_SIGN_STYLE = Automatic;
				CURRENT_PROJECT_VERSION = 1;
				DEVELOPMENT_ASSET_PATHS = "\"FaceMesh/Preview Content\"";
				DEVELOPMENT_TEAM = L45GPKVRUG;
				ENABLE_PREVIEWS = YES;
				GENERATE_INFOPLIST_FILE = YES;
				INFOPLIST_KEY_UIApplicationSceneManifest_Generation = YES;
				INFOPLIST_KEY_UIApplicationSupportsIndirectInputEvents = YES;
				INFOPLIST_KEY_UILaunchScreen_Generation = YES;
				INFOPLIST_KEY_UISupportedInterfaceOrientations_iPad = "UIInterfaceOrientationPortrait UIInterfaceOrientationPortraitUpsideDown UIInterfaceOrientationLandscapeLeft UIInterfaceOrientationLandscapeRight";
				INFOPLIST_KEY_UISupportedInterfaceOrientations_iPhone = "UIInterfaceOrientationPortrait UIInterfaceOrientationLandscapeLeft UIInterfaceOrientationLandscapeRight";
				LD_RUNPATH_SEARCH_PATHS = (
					"$(inherited)",
					"@executable_path/Frameworks",
				);
				MARKETING_VERSION = 1.0;
				PRODUCT_BUNDLE_IDENTIFIER = br.ufpe.academy.FaceMesh;
				PRODUCT_NAME = "$(TARGET_NAME)";
				SWIFT_EMIT_LOC_STRINGS = YES;
				SWIFT_VERSION = 5.0;
				TARGETED_DEVICE_FAMILY = "1,2";
			};
			name = Release;
		};
		A6A21CA42A715D200038A2B8 /* Debug */ = {
			isa = XCBuildConfiguration;
			buildSettings = {
				ALWAYS_EMBED_SWIFT_STANDARD_LIBRARIES = YES;
				BUNDLE_LOADER = "$(TEST_HOST)";
				CODE_SIGN_STYLE = Automatic;
				CURRENT_PROJECT_VERSION = 1;
				DEVELOPMENT_TEAM = L45GPKVRUG;
				GENERATE_INFOPLIST_FILE = YES;
				IPHONEOS_DEPLOYMENT_TARGET = 16.4;
				MARKETING_VERSION = 1.0;
				PRODUCT_BUNDLE_IDENTIFIER = br.ufpe.academy.FaceMeshTests;
				PRODUCT_NAME = "$(TARGET_NAME)";
				SWIFT_EMIT_LOC_STRINGS = NO;
				SWIFT_VERSION = 5.0;
				TARGETED_DEVICE_FAMILY = "1,2";
				TEST_HOST = "$(BUILT_PRODUCTS_DIR)/FaceMesh.app/$(BUNDLE_EXECUTABLE_FOLDER_PATH)/FaceMesh";
			};
			name = Debug;
		};
		A6A21CA52A715D200038A2B8 /* Release */ = {
			isa = XCBuildConfiguration;
			buildSettings = {
				ALWAYS_EMBED_SWIFT_STANDARD_LIBRARIES = YES;
				BUNDLE_LOADER = "$(TEST_HOST)";
				CODE_SIGN_STYLE = Automatic;
				CURRENT_PROJECT_VERSION = 1;
				DEVELOPMENT_TEAM = L45GPKVRUG;
				GENERATE_INFOPLIST_FILE = YES;
				IPHONEOS_DEPLOYMENT_TARGET = 16.4;
				MARKETING_VERSION = 1.0;
				PRODUCT_BUNDLE_IDENTIFIER = br.ufpe.academy.FaceMeshTests;
				PRODUCT_NAME = "$(TARGET_NAME)";
				SWIFT_EMIT_LOC_STRINGS = NO;
				SWIFT_VERSION = 5.0;
				TARGETED_DEVICE_FAMILY = "1,2";
				TEST_HOST = "$(BUILT_PRODUCTS_DIR)/FaceMesh.app/$(BUNDLE_EXECUTABLE_FOLDER_PATH)/FaceMesh";
			};
			name = Release;
		};
		A6A21CA72A715D200038A2B8 /* Debug */ = {
			isa = XCBuildConfiguration;
			buildSettings = {
				ALWAYS_EMBED_SWIFT_STANDARD_LIBRARIES = YES;
				CODE_SIGN_STYLE = Automatic;
				CURRENT_PROJECT_VERSION = 1;
				DEVELOPMENT_TEAM = L45GPKVRUG;
				GENERATE_INFOPLIST_FILE = YES;
				MARKETING_VERSION = 1.0;
				PRODUCT_BUNDLE_IDENTIFIER = br.ufpe.academy.FaceMeshUITests;
				PRODUCT_NAME = "$(TARGET_NAME)";
				SWIFT_EMIT_LOC_STRINGS = NO;
				SWIFT_VERSION = 5.0;
				TARGETED_DEVICE_FAMILY = "1,2";
				TEST_TARGET_NAME = FaceMesh;
			};
			name = Debug;
		};
		A6A21CA82A715D200038A2B8 /* Release */ = {
			isa = XCBuildConfiguration;
			buildSettings = {
				ALWAYS_EMBED_SWIFT_STANDARD_LIBRARIES = YES;
				CODE_SIGN_STYLE = Automatic;
				CURRENT_PROJECT_VERSION = 1;
				DEVELOPMENT_TEAM = L45GPKVRUG;
				GENERATE_INFOPLIST_FILE = YES;
				MARKETING_VERSION = 1.0;
				PRODUCT_BUNDLE_IDENTIFIER = br.ufpe.academy.FaceMeshUITests;
				PRODUCT_NAME = "$(TARGET_NAME)";
				SWIFT_EMIT_LOC_STRINGS = NO;
				SWIFT_VERSION = 5.0;
				TARGETED_DEVICE_FAMILY = "1,2";
				TEST_TARGET_NAME = FaceMesh;
			};
			name = Release;
		};
/* End XCBuildConfiguration section */

/* Begin XCConfigurationList section */
		A6A21C772A715D1F0038A2B8 /* Build configuration list for PBXProject "FaceMesh" */ = {
			isa = XCConfigurationList;
			buildConfigurations = (
				A6A21C9E2A715D200038A2B8 /* Debug */,
				A6A21C9F2A715D200038A2B8 /* Release */,
			);
			defaultConfigurationIsVisible = 0;
			defaultConfigurationName = Release;
		};
		A6A21CA02A715D200038A2B8 /* Build configuration list for PBXNativeTarget "FaceMesh" */ = {
			isa = XCConfigurationList;
			buildConfigurations = (
				A6A21CA12A715D200038A2B8 /* Debug */,
				A6A21CA22A715D200038A2B8 /* Release */,
			);
			defaultConfigurationIsVisible = 0;
			defaultConfigurationName = Release;
		};
		A6A21CA32A715D200038A2B8 /* Build configuration list for PBXNativeTarget "FaceMeshTests" */ = {
			isa = XCConfigurationList;
			buildConfigurations = (
				A6A21CA42A715D200038A2B8 /* Debug */,
				A6A21CA52A715D200038A2B8 /* Release */,
			);
			defaultConfigurationIsVisible = 0;
			defaultConfigurationName = Release;
		};
		A6A21CA62A715D200038A2B8 /* Build configuration list for PBXNativeTarget "FaceMeshUITests" */ = {
			isa = XCConfigurationList;
			buildConfigurations = (
				A6A21CA72A715D200038A2B8 /* Debug */,
				A6A21CA82A715D200038A2B8 /* Release */,
			);
			defaultConfigurationIsVisible = 0;
			defaultConfigurationName = Release;
		};
/* End XCConfigurationList section */
	};
	rootObject = A6A21C742A715D1F0038A2B8 /* Project object */;
}
